<?xml version="1.0" encoding="utf-8"?>
<Project ToolsVersion="4.0" xmlns="http://schemas.microsoft.com/developer/msbuild/2003">
  <ItemGroup>
    <Filter Include="Source Files">
      <UniqueIdentifier>{4FC737F1-C7A5-4376-A066-2A32D752A2FF}</UniqueIdentifier>
      <Extensions>cpp;c;cc;cxx;c++;cppm;ixx;def;odl;idl;hpj;bat;asm;asmx</Extensions>
    </Filter>
    <Filter Include="Header Files">
      <UniqueIdentifier>{93995380-89BD-4b04-88EB-625FBE52EBFB}</UniqueIdentifier>
      <Extensions>h;hh;hpp;hxx;h++;hm;inl;inc;ipp;xsd</Extensions>
    </Filter>
    <Filter Include="Resource Files">
      <UniqueIdentifier>{67DA6AB6-F800-4c08-8B7A-83BB121AAD01}</UniqueIdentifier>
      <Extensions>rc;ico;cur;bmp;dlg;rc2;rct;bin;rgs;gif;jpg;jpeg;jpe;resx;tiff;tif;png;wav;mfcribbon-ms</Extensions>
    </Filter>
    <Filter Include="Media">
      <UniqueIdentifier>{eba12176-cf7b-4daf-9407-0ef8e6dbee1d}</UniqueIdentifier>
    </Filter>
    <Filter Include="Media\Textures">
      <UniqueIdentifier>{47763ce6-87aa-4d63-80af-6fd79f164ab3}</UniqueIdentifier>
    </Filter>
    <Filter Include="Media\Textures\Object">
      <UniqueIdentifier>{fde13578-fac1-4998-ae30-b831ebd4dadc}</UniqueIdentifier>
    </Filter>
    <Filter Include="Media\Sound">
      <UniqueIdentifier>{eca623b5-c65d-4a65-9e37-05f67b122543}</UniqueIdentifier>
    </Filter>
    <Filter Include="Media\Fonts">
      <UniqueIdentifier>{2423893f-114a-49cb-b37b-9710b130bf28}</UniqueIdentifier>
    </Filter>
  </ItemGroup>
  <ItemGroup>
    <Media Include="Media\Audio\EnemyGunfire.wav">
      <Filter>Media\Sound</Filter>
    </Media>
    <Media Include="Media\Audio\Explosion1.wav">
      <Filter>Media\Sound</Filter>
    </Media>
    <Media Include="Media\Audio\Explosion2.wav">
      <Filter>Media\Sound</Filter>
    </Media>
    <Media Include="Media\Audio\LaunchMissile.wav">
      <Filter>Media\Sound</Filter>
    </Media>
  </ItemGroup>
  <ItemGroup>
    <ClCompile Include="Game.cpp">
      <Filter>Source Files</Filter>
    </ClCompile>
    <ClCompile Include="Main.cpp">
      <Filter>Source Files</Filter>
    </ClCompile>
    <ClCompile Include="Entity\Entity.cpp">
      <Filter>Source Files</Filter>
    </ClCompile>
    <ClCompile Include="MyClass\MyClass.cpp">
      <Filter>Source Files</Filter>
    </ClCompile>
    <ClCompile Include="TextureManager\TextureManager.cpp">
      <Filter>Source Files</Filter>
    </ClCompile>
    <ClCompile Include="Renderer\Renderer.cpp">
      <Filter>Source Files</Filter>
    </ClCompile>
    <ClCompile Include="AbstractComponent\AbstractComponent.cpp">
      <Filter>Source Files</Filter>
    </ClCompile>
    <ClCompile Include="AbstractGameObject\AbstractGameObject.cpp">
      <Filter>Source Files</Filter>
    </ClCompile>
    <ClCompile Include="GameObjectManager\GameObjectManager.cpp">
      <Filter>Source Files</Filter>
    </ClCompile>
    <ClCompile Include="Renderer\SpriteRenderer.cpp">
      <Filter>Source Files</Filter>
    </ClCompile>
    <ClCompile Include="GenericObject\GenericObject.cpp">
      <Filter>Source Files</Filter>
    </ClCompile>
  </ItemGroup>
  <ItemGroup>
    <ClInclude Include="Game.h">
      <Filter>Header Files</Filter>
    </ClInclude>
    <ClInclude Include="Entity\Entity.h">
      <Filter>Header Files</Filter>
    </ClInclude>
    <ClInclude Include="MyClass\MyClass.h">
      <Filter>Header Files</Filter>
    </ClInclude>
    <ClInclude Include="TextureManager\TextureManager.h">
      <Filter>Header Files</Filter>
    </ClInclude>
    <ClInclude Include="Renderer\Renderer.h">
      <Filter>Header Files</Filter>
    </ClInclude>
    <ClInclude Include="AbstractComponent\AbstractComponent.h">
      <Filter>Header Files</Filter>
    </ClInclude>
    <ClInclude Include="AbstractGameObject\AbstractGameObject.h">
      <Filter>Header Files</Filter>
    </ClInclude>
    <ClInclude Include="GameObjectManager\GameObjectManager.h">
      <Filter>Header Files</Filter>
    </ClInclude>
    <ClInclude Include="Renderer\SpriteRenderer.h">
      <Filter>Header Files</Filter>
    </ClInclude>
    <ClInclude Include="GenericObject\GenericObject.h">
      <Filter>Header Files</Filter>
    </ClInclude>
  </ItemGroup>
  <ItemGroup>
    <Image Include="Media\Textures\Objects\bed0000.png">
      <Filter>Media\Textures\Object</Filter>
    </Image>
    <Image Include="Media\Textures\Objects\bed0001.png">
      <Filter>Media\Textures\Object</Filter>
    </Image>
    <Image Include="Media\Textures\Objects\bed0002.png">
      <Filter>Media\Textures\Object</Filter>
    </Image>
    <Image Include="Media\Textures\Objects\bed0003.png">
      <Filter>Media\Textures\Object</Filter>
    </Image>
    <Image Include="Media\Textures\Objects\bed0004.png">
      <Filter>Media\Textures\Object</Filter>
    </Image>
    <Image Include="Media\Textures\Objects\bed0005.png">
      <Filter>Media\Textures\Object</Filter>
    </Image>
    <Image Include="Media\Textures\Objects\bed0006.png">
      <Filter>Media\Textures\Object</Filter>
    </Image>
    <Image Include="Media\Textures\Objects\bed0007.png">
      <Filter>Media\Textures\Object</Filter>
    </Image>
    <Image Include="Media\Textures\Objects\bench0000.png">
      <Filter>Media\Textures\Object</Filter>
    </Image>
    <Image Include="Media\Textures\Objects\bench0001.png">
      <Filter>Media\Textures\Object</Filter>
    </Image>
    <Image Include="Media\Textures\Objects\bench0002.png">
      <Filter>Media\Textures\Object</Filter>
    </Image>
    <Image Include="Media\Textures\Objects\bench0003.png">
      <Filter>Media\Textures\Object</Filter>
    </Image>
    <Image Include="Media\Textures\Objects\bench0004.png">
      <Filter>Media\Textures\Object</Filter>
    </Image>
    <Image Include="Media\Textures\Objects\bench0005.png">
      <Filter>Media\Textures\Object</Filter>
    </Image>
    <Image Include="Media\Textures\Objects\bench0006.png">
      <Filter>Media\Textures\Object</Filter>
    </Image>
    <Image Include="Media\Textures\Objects\bench0007.png">
      <Filter>Media\Textures\Object</Filter>
    </Image>
    <Image Include="Media\Textures\Objects\boxGift_0000.png">
      <Filter>Media\Textures\Object</Filter>
    </Image>
    <Image Include="Media\Textures\Objects\boxGift_0001.png">
      <Filter>Media\Textures\Object</Filter>
    </Image>
    <Image Include="Media\Textures\Objects\boxGift_0002.png">
      <Filter>Media\Textures\Object</Filter>
    </Image>
    <Image Include="Media\Textures\Objects\boxGift_0003.png">
      <Filter>Media\Textures\Object</Filter>
    </Image>
    <Image Include="Media\Textures\Objects\boxGift_0004.png">
      <Filter>Media\Textures\Object</Filter>
    </Image>
    <Image Include="Media\Textures\Objects\boxGift_0005.png">
      <Filter>Media\Textures\Object</Filter>
    </Image>
    <Image Include="Media\Textures\Objects\boxGift_0006.png">
      <Filter>Media\Textures\Object</Filter>
    </Image>
    <Image Include="Media\Textures\Objects\boxGift_0007.png">
      <Filter>Media\Textures\Object</Filter>
    </Image>
    <Image Include="Media\Textures\Objects\coin0000.png">
      <Filter>Media\Textures\Object</Filter>
    </Image>
    <Image Include="Media\Textures\Objects\coin0001.png">
      <Filter>Media\Textures\Object</Filter>
    </Image>
    <Image Include="Media\Textures\Objects\coin0002.png">
      <Filter>Media\Textures\Object</Filter>
    </Image>
    <Image Include="Media\Textures\Objects\coin0003.png">
      <Filter>Media\Textures\Object</Filter>
    </Image>
    <Image Include="Media\Textures\Objects\coin0004.png">
      <Filter>Media\Textures\Object</Filter>
    </Image>
    <Image Include="Media\Textures\Objects\coin0005.png">
      <Filter>Media\Textures\Object</Filter>
    </Image>
    <Image Include="Media\Textures\Objects\coin0006.png">
      <Filter>Media\Textures\Object</Filter>
    </Image>
    <Image Include="Media\Textures\Objects\coin0007.png">
      <Filter>Media\Textures\Object</Filter>
    </Image>
  </ItemGroup>
  <ItemGroup>
    <Font Include="Media\Fonts\Sansation.ttf">
      <Filter>Media\Fonts</Filter>
    </Font>
  </ItemGroup>
</Project>